
Microsoft Visual Studio Solution File, Format Version 12.00
Project("{2150E333-8FDC-42A3-9474-1A3956D46DE8}") = "src", "src", "{EFDF3CFD-F63D-4DB2-93BD-1FD9EBF24982}"
EndProject
Project("{FAE04EC0-301F-11D3-BF4B-00C04F79EFBC}") = "GroceryStore.Domain", "GroceryStore.Domain\GroceryStore.Domain.csproj", "{CA56995E-855B-4D24-8450-DC93AA61A6F1}"
EndProject
Project("{FAE04EC0-301F-11D3-BF4B-00C04F79EFBC}") = "GroceryStore.Infrastructure", "GroceryStore.Infrastructure\GroceryStore.Infrastructure.csproj", "{427E8440-3281-4602-9D41-FF2513CF23F3}"
EndProject
Project("{FAE04EC0-301F-11D3-BF4B-00C04F79EFBC}") = "GroceryStore.Application", "GroceryStore.Application\GroceryStore.Application.csproj", "{804B0849-E12C-4DF7-B6C0-3ED85DE0CF90}"
EndProject
Global
	GlobalSection(SolutionConfigurationPlatforms) = preSolution
		Debug|Any CPU = Debug|Any CPU
		Release|Any CPU = Release|Any CPU
	EndGlobalSection
	GlobalSection(ProjectConfigurationPlatforms) = postSolution
		{CA56995E-855B-4D24-8450-DC93AA61A6F1}.Debug|Any CPU.ActiveCfg = Debug|Any CPU
		{CA56995E-855B-4D24-8450-DC93AA61A6F1}.Debug|Any CPU.Build.0 = Debug|Any CPU
		{CA56995E-855B-4D24-8450-DC93AA61A6F1}.Release|Any CPU.ActiveCfg = Release|Any CPU
		{CA56995E-855B-4D24-8450-DC93AA61A6F1}.Release|Any CPU.Build.0 = Release|Any CPU
		{427E8440-3281-4602-9D41-FF2513CF23F3}.Debug|Any CPU.ActiveCfg = Debug|Any CPU
		{427E8440-3281-4602-9D41-FF2513CF23F3}.Debug|Any CPU.Build.0 = Debug|Any CPU
		{427E8440-3281-4602-9D41-FF2513CF23F3}.Release|Any CPU.ActiveCfg = Release|Any CPU
		{427E8440-3281-4602-9D41-FF2513CF23F3}.Release|Any CPU.Build.0 = Release|Any CPU
		{804B0849-E12C-4DF7-B6C0-3ED85DE0CF90}.Debug|Any CPU.ActiveCfg = Debug|Any CPU
		{804B0849-E12C-4DF7-B6C0-3ED85DE0CF90}.Debug|Any CPU.Build.0 = Debug|Any CPU
		{804B0849-E12C-4DF7-B6C0-3ED85DE0CF90}.Release|Any CPU.ActiveCfg = Release|Any CPU
		{804B0849-E12C-4DF7-B6C0-3ED85DE0CF90}.Release|Any CPU.Build.0 = Release|Any CPU
	EndGlobalSection
	GlobalSection(NestedProjects) = preSolution
		{CA56995E-855B-4D24-8450-DC93AA61A6F1} = {EFDF3CFD-F63D-4DB2-93BD-1FD9EBF24982}
		{427E8440-3281-4602-9D41-FF2513CF23F3} = {EFDF3CFD-F63D-4DB2-93BD-1FD9EBF24982}
		{804B0849-E12C-4DF7-B6C0-3ED85DE0CF90} = {EFDF3CFD-F63D-4DB2-93BD-1FD9EBF24982}
	EndGlobalSection
EndGlobal
